
Microsoft Visual Studio Solution File, Format Version 12.00
# Visual Studio Version 16
VisualStudioVersion = 16.0.28803.352
MinimumVisualStudioVersion = 10.0.40219.1
Project("{8BC9CEB8-8B4A-11D0-8D11-00A0C91BC942}") = "gtest", "gtest\gtest.vcxproj", "{4F8C5079-8CB1-433A-AFAB-23D85E8EC4D1}"
EndProject
Global
	GlobalSection(SolutionConfigurationPlatforms) = preSolution
		Debug|x64 = Debug|x64
		Debug|x86 = Debug|x86
		Release|x64 = Release|x64
		Release|x86 = Release|x86
	EndGlobalSection
	GlobalSection(ProjectConfigurationPlatforms) = postSolution
		{4F8C5079-8CB1-433A-AFAB-23D85E8EC4D1}.Debug|x64.ActiveCfg = Debug|x64
		{4F8C5079-8CB1-433A-AFAB-23D85E8EC4D1}.Debug|x64.Build.0 = Debug|x64
		{4F8C5079-8CB1-433A-AFAB-23D85E8EC4D1}.Debug|x86.ActiveCfg = Debug|Win32
		{4F8C5079-8CB1-433A-AFAB-23D85E8EC4D1}.Debug|x86.Build.0 = Debug|Win32
		{4F8C5079-8CB1-433A-AFAB-23D85E8EC4D1}.Release|x64.ActiveCfg = Release|x64
		{4F8C5079-8CB1-433A-AFAB-23D85E8EC4D1}.Release|x64.Build.0 = Release|x64
		{4F8C5079-8CB1-433A-AFAB-23D85E8EC4D1}.Release|x86.ActiveCfg = Release|Win32
		{4F8C5079-8CB1-433A-AFAB-23D85E8EC4D1}.Release|x86.Build.0 = Release|Win32
	EndGlobalSection
	GlobalSection(SolutionProperties) = preSolution
		HideSolutionNode = FALSE
	EndGlobalSection
	GlobalSection(ExtensibilityGlobals) = postSolution
		SolutionGuid = {131EDF3B-E2F3-4154-B6D8-A0128F91E466}
	EndGlobalSection
EndGlobal
